
Microsoft Visual Studio Solution File, Format Version 12.00
# Visual Studio Version 17
VisualStudioVersion = 17.4.33213.308
MinimumVisualStudioVersion = 10.0.40219.1
Project("{FAE04EC0-301F-11D3-BF4B-00C04F79EFBC}") = "ProjectManagerApp", "ProjectManagerApp\ProjectManagerApp.csproj", "{6E21A3C9-5449-43CE-A984-D5A22CB0ECB7}"
EndProject
Project("{FAE04EC0-301F-11D3-BF4B-00C04F79EFBC}") = "nGantt", "nGantt\nGantt.csproj", "{CCC54F28-5D20-4AB3-A1A8-C62CD2DA3AE7}"
EndProject
Project("{FAE04EC0-301F-11D3-BF4B-00C04F79EFBC}") = "ProjectManagerAppTests", "ProjectManagerAppTests\ProjectManagerAppTests.csproj", "{8946C5FC-0D03-4A3C-AFE9-B5EE2F6C2C15}"
EndProject
Global
	GlobalSection(SolutionConfigurationPlatforms) = preSolution
		Debug|Any CPU = Debug|Any CPU
		Release|Any CPU = Release|Any CPU
	EndGlobalSection
	GlobalSection(ProjectConfigurationPlatforms) = postSolution
		{6E21A3C9-5449-43CE-A984-D5A22CB0ECB7}.Debug|Any CPU.ActiveCfg = Debug|Any CPU
		{6E21A3C9-5449-43CE-A984-D5A22CB0ECB7}.Debug|Any CPU.Build.0 = Debug|Any CPU
		{6E21A3C9-5449-43CE-A984-D5A22CB0ECB7}.Release|Any CPU.ActiveCfg = Release|Any CPU
		{6E21A3C9-5449-43CE-A984-D5A22CB0ECB7}.Release|Any CPU.Build.0 = Release|Any CPU
		{CCC54F28-5D20-4AB3-A1A8-C62CD2DA3AE7}.Debug|Any CPU.ActiveCfg = Debug|Any CPU
		{CCC54F28-5D20-4AB3-A1A8-C62CD2DA3AE7}.Debug|Any CPU.Build.0 = Debug|Any CPU
		{CCC54F28-5D20-4AB3-A1A8-C62CD2DA3AE7}.Release|Any CPU.ActiveCfg = Release|Any CPU
		{CCC54F28-5D20-4AB3-A1A8-C62CD2DA3AE7}.Release|Any CPU.Build.0 = Release|Any CPU
		{8946C5FC-0D03-4A3C-AFE9-B5EE2F6C2C15}.Debug|Any CPU.ActiveCfg = Debug|Any CPU
		{8946C5FC-0D03-4A3C-AFE9-B5EE2F6C2C15}.Debug|Any CPU.Build.0 = Debug|Any CPU
		{8946C5FC-0D03-4A3C-AFE9-B5EE2F6C2C15}.Release|Any CPU.ActiveCfg = Release|Any CPU
		{8946C5FC-0D03-4A3C-AFE9-B5EE2F6C2C15}.Release|Any CPU.Build.0 = Release|Any CPU
	EndGlobalSection
	GlobalSection(SolutionProperties) = preSolution
		HideSolutionNode = FALSE
	EndGlobalSection
	GlobalSection(ExtensibilityGlobals) = postSolution
		SolutionGuid = {EE375213-4FCE-47E6-B8D4-E1D9855BD095}
	EndGlobalSection
EndGlobal
